
Microsoft Visual Studio Solution File, Format Version 12.00
# Visual Studio Version 16
VisualStudioVersion = 16.0.31410.357
MinimumVisualStudioVersion = 10.0.40219.1
Project("{FAE04EC0-301F-11D3-BF4B-00C04F79EFBC}") = "googleMulakatSorusu", "googleMulakatSorusu\googleMulakatSorusu.csproj", "{1BD6F7D1-362E-4B58-845B-7923366EA7DF}"
EndProject
Global
	GlobalSection(SolutionConfigurationPlatforms) = preSolution
		Debug|Any CPU = Debug|Any CPU
		Release|Any CPU = Release|Any CPU
	EndGlobalSection
	GlobalSection(ProjectConfigurationPlatforms) = postSolution
		{1BD6F7D1-362E-4B58-845B-7923366EA7DF}.Debug|Any CPU.ActiveCfg = Debug|Any CPU
		{1BD6F7D1-362E-4B58-845B-7923366EA7DF}.Debug|Any CPU.Build.0 = Debug|Any CPU
		{1BD6F7D1-362E-4B58-845B-7923366EA7DF}.Release|Any CPU.ActiveCfg = Release|Any CPU
		{1BD6F7D1-362E-4B58-845B-7923366EA7DF}.Release|Any CPU.Build.0 = Release|Any CPU
	EndGlobalSection
	GlobalSection(SolutionProperties) = preSolution
		HideSolutionNode = FALSE
	EndGlobalSection
	GlobalSection(ExtensibilityGlobals) = postSolution
		SolutionGuid = {8A7653EB-8256-471D-B26A-87CE03925B83}
	EndGlobalSection
EndGlobal
